<?xml version="1.0" encoding="utf-8"?>
<Project ToolsVersion="4.0" xmlns="http://schemas.microsoft.com/developer/msbuild/2003">
  <ItemGroup>
    <Filter Include="docs">
      <UniqueIdentifier>{8abf360c-52f9-463d-91ba-18fa8a80045f}</UniqueIdentifier>
    </Filter>
    <Filter Include="docs\resources">
      <UniqueIdentifier>{e4694679-51c4-437c-b49a-a50a8fb1e2ca}</UniqueIdentifier>
    </Filter>
    <Filter Include="Source">
      <UniqueIdentifier>{5c1bedf7-486e-45ae-b349-1c20aef508ed}</UniqueIdentifier>
    </Filter>
    <Filter Include="Source\Framework">
      <UniqueIdentifier>{521f0e51-0a01-4016-86cf-10adf1761c04}</UniqueIdentifier>
    </Filter>
    <Filter Include="Source\SDK">
      <UniqueIdentifier>{e79f9ced-277d-42ba-99b6-dd95d8e8c31e}</UniqueIdentifier>
    </Filter>
  </ItemGroup>
  <ItemGroup>
    <None Include="data\resource\dialogs.objd">
      <Filter>docs\resources</Filter>
    </None>
    <None Include="data\resource\english.locd">
      <Filter>docs\resources</Filter>
    </None>
    <None Include="data\resource\russian.locd">
      <Filter>docs\resources</Filter>
    </None>
  </ItemGroup>
  <ItemGroup>
    <ClCompile Include="src\Classes.cpp">
      <Filter>Source</Filter>
    </ClCompile>
    <ClCompile Include="src\CopyProgress.cpp">
      <Filter>Source</Filter>
    </ClCompile>
    <ClCompile Include="src\dlgclass.cpp">
      <Filter>Source</Filter>
    </ClCompile>
    <ClCompile Include="src\dlgobject.cpp">
      <Filter>Source</Filter>
    </ClCompile>
    <ClCompile Include="src\Engine.cpp">
      <Filter>Source</Filter>
    </ClCompile>
    <ClCompile Include="src\EngineTools.cpp">
      <Filter>Source</Filter>
    </ClCompile>
    <ClCompile Include="src\FarPlugin.cpp">
      <Filter>Source</Filter>
    </ClCompile>
    <ClCompile Include="src\FileCopyEx.cpp">
      <Filter>Source</Filter>
    </ClCompile>
    <ClCompile Include="src\progress.cpp">
      <Filter>Source</Filter>
    </ClCompile>
    <ClCompile Include="src\registry.cpp">
      <Filter>Source</Filter>
    </ClCompile>
    <ClCompile Include="src\taskbar_icon.cpp">
      <Filter>Source</Filter>
    </ClCompile>
    <ClCompile Include="src\ui.cpp">
      <Filter>Source</Filter>
    </ClCompile>
    <ClCompile Include="src\Framework\FileUtils.cpp">
      <Filter>Source\Framework</Filter>
    </ClCompile>
    <ClCompile Include="src\Framework\LowLevelStr.cpp">
      <Filter>Source\Framework</Filter>
    </ClCompile>
    <ClCompile Include="src\Framework\Object.cpp">
      <Filter>Source\Framework</Filter>
    </ClCompile>
    <ClCompile Include="src\Framework\ObjString.cpp">
      <Filter>Source\Framework</Filter>
    </ClCompile>
    <ClCompile Include="src\Framework\Properties.cpp">
      <Filter>Source\Framework</Filter>
    </ClCompile>
    <ClCompile Include="src\Framework\Store.cpp">
      <Filter>Source\Framework</Filter>
    </ClCompile>
    <ClCompile Include="src\Framework\StringList.cpp">
      <Filter>Source\Framework</Filter>
    </ClCompile>
    <ClCompile Include="src\Framework\StrUtils.cpp">
      <Filter>Source\Framework</Filter>
    </ClCompile>
    <ClCompile Include="src\Framework\ValueList.cpp">
      <Filter>Source\Framework</Filter>
    </ClCompile>
    <ClCompile Include="src\common.cpp">
      <Filter>Source</Filter>
    </ClCompile>
    <ClCompile Include="src\tools.cpp">
      <Filter>Source</Filter>
    </ClCompile>
    <ClCompile Include="src\DLLExport.cpp">
      <Filter>Source</Filter>
    </ClCompile>
    <ClCompile Include="src\FarMenu.cpp">
      <Filter>Source</Filter>
    </ClCompile>
  </ItemGroup>
  <ItemGroup>
    <ClInclude Include="src\Classes.h">
      <Filter>Source</Filter>
    </ClInclude>
    <ClInclude Include="src\Common.h">
      <Filter>Source</Filter>
    </ClInclude>
    <ClInclude Include="src\CopyProgress.h">
      <Filter>Source</Filter>
    </ClInclude>
    <ClInclude Include="src\dlgclass.h">
      <Filter>Source</Filter>
    </ClInclude>
    <ClInclude Include="src\dlgobject.h">
      <Filter>Source</Filter>
    </ClInclude>
    <ClInclude Include="src\Engine.h">
      <Filter>Source</Filter>
    </ClInclude>
    <ClInclude Include="src\EngineTools.h">
      <Filter>Source</Filter>
    </ClInclude>
    <ClInclude Include="src\FarPlugin.h">
      <Filter>Source</Filter>
    </ClInclude>
    <ClInclude Include="src\FileCopyEx.h">
      <Filter>Source</Filter>
    </ClInclude>
    <ClInclude Include="src\guid.hpp">
      <Filter>Source</Filter>
    </ClInclude>
    <ClInclude Include="src\progress.h">
      <Filter>Source</Filter>
    </ClInclude>
    <ClInclude Include="src\registry.h">
      <Filter>Source</Filter>
    </ClInclude>
    <ClInclude Include="src\taskbar_icon.h">
      <Filter>Source</Filter>
    </ClInclude>
    <ClInclude Include="src\ui.h">
      <Filter>Source</Filter>
    </ClInclude>
    <ClInclude Include="src\version.hpp">
      <Filter>Source</Filter>
    </ClInclude>
    <ClInclude Include="src\Framework\Array.h">
      <Filter>Source\Framework</Filter>
    </ClInclude>
    <ClInclude Include="src\Framework\FileUtils.h">
      <Filter>Source\Framework</Filter>
    </ClInclude>
    <ClInclude Include="src\Framework\LowLevelStr.h">
      <Filter>Source\Framework</Filter>
    </ClInclude>
    <ClInclude Include="src\Framework\Object.h">
      <Filter>Source\Framework</Filter>
    </ClInclude>
    <ClInclude Include="src\Framework\ObjString.h">
      <Filter>Source\Framework</Filter>
    </ClInclude>
    <ClInclude Include="src\Framework\Properties.h">
      <Filter>Source\Framework</Filter>
    </ClInclude>
    <ClInclude Include="src\Framework\StdHdr.h">
      <Filter>Source\Framework</Filter>
    </ClInclude>
    <ClInclude Include="src\Framework\Store.h">
      <Filter>Source\Framework</Filter>
    </ClInclude>
    <ClInclude Include="src\Framework\StringList.h">
      <Filter>Source\Framework</Filter>
    </ClInclude>
    <ClInclude Include="src\Framework\StrUtils.h">
      <Filter>Source\Framework</Filter>
    </ClInclude>
    <ClInclude Include="src\Framework\ValueList.h">
      <Filter>Source\Framework</Filter>
    </ClInclude>
    <ClInclude Include="src\SDK\DlgBuilder.hpp">
      <Filter>Source\SDK</Filter>
    </ClInclude>
    <ClInclude Include="src\SDK\farcolor.hpp">
      <Filter>Source\SDK</Filter>
    </ClInclude>
    <ClInclude Include="src\SDK\farversion.hpp">
      <Filter>Source\SDK</Filter>
    </ClInclude>
    <ClInclude Include="src\SDK\plugin.hpp">
      <Filter>Source\SDK</Filter>
    </ClInclude>
    <ClInclude Include="src\tools.h">
      <Filter>Source</Filter>
    </ClInclude>
    <ClInclude Include="src\FarMenu.h">
      <Filter>Source</Filter>
    </ClInclude>
  </ItemGroup>
</Project>